
Microsoft Visual Studio Solution File, Format Version 12.00
# Visual Studio Version 17
VisualStudioVersion = 17.8.34408.163
MinimumVisualStudioVersion = 10.0.40219.1
Project("{FAE04EC0-301F-11D3-BF4B-00C04F79EFBC}") = "Crud_Sqlite.Android", "Crud_Sqlite\Crud_Sqlite.Android\Crud_Sqlite.Android.csproj", "{1CC84002-7216-4E4A-A5D4-AB0AB1230D9B}"
EndProject
Project("{9A19103F-16F7-4668-BE54-9A1E7A4F7556}") = "Crud_Sqlite", "Crud_Sqlite\Crud_Sqlite\Crud_Sqlite.csproj", "{940C9F84-CAD1-4927-B021-D67107BF6B5D}"
EndProject
Global
	GlobalSection(SolutionConfigurationPlatforms) = preSolution
		Debug|Any CPU = Debug|Any CPU
		Release|Any CPU = Release|Any CPU
	EndGlobalSection
	GlobalSection(ProjectConfigurationPlatforms) = postSolution
		{1CC84002-7216-4E4A-A5D4-AB0AB1230D9B}.Debug|Any CPU.ActiveCfg = Debug|Any CPU
		{1CC84002-7216-4E4A-A5D4-AB0AB1230D9B}.Debug|Any CPU.Build.0 = Debug|Any CPU
		{1CC84002-7216-4E4A-A5D4-AB0AB1230D9B}.Debug|Any CPU.Deploy.0 = Debug|Any CPU
		{1CC84002-7216-4E4A-A5D4-AB0AB1230D9B}.Release|Any CPU.ActiveCfg = Release|Any CPU
		{1CC84002-7216-4E4A-A5D4-AB0AB1230D9B}.Release|Any CPU.Build.0 = Release|Any CPU
		{1CC84002-7216-4E4A-A5D4-AB0AB1230D9B}.Release|Any CPU.Deploy.0 = Release|Any CPU
		{940C9F84-CAD1-4927-B021-D67107BF6B5D}.Debug|Any CPU.ActiveCfg = Debug|Any CPU
		{940C9F84-CAD1-4927-B021-D67107BF6B5D}.Debug|Any CPU.Build.0 = Debug|Any CPU
		{940C9F84-CAD1-4927-B021-D67107BF6B5D}.Debug|Any CPU.Deploy.0 = Debug|Any CPU
		{940C9F84-CAD1-4927-B021-D67107BF6B5D}.Release|Any CPU.ActiveCfg = Release|Any CPU
		{940C9F84-CAD1-4927-B021-D67107BF6B5D}.Release|Any CPU.Build.0 = Release|Any CPU
		{940C9F84-CAD1-4927-B021-D67107BF6B5D}.Release|Any CPU.Deploy.0 = Release|Any CPU
	EndGlobalSection
	GlobalSection(SolutionProperties) = preSolution
		HideSolutionNode = FALSE
	EndGlobalSection
	GlobalSection(ExtensibilityGlobals) = postSolution
		SolutionGuid = {C610E8F4-12B4-4F6B-AA92-EE0228E714F3}
	EndGlobalSection
EndGlobal
